{
    "version": 3,
    "terraform_version": "0.11.13",
    "serial": 7,
    "lineage": "af65367b-3ad9-63d4-4232-ea3fbd224eef",
    "modules": [
        {
            "path": [
                "root"
            ],
            "outputs": {},
            "resources": {
                "aws_instance.example": {
                    "type": "aws_instance",
                    "depends_on": [],
                    "primary": {
                        "id": "i-00c3530a454adbffa",
                        "attributes": {
                            "ami": "ami-03103e7ded4c02ef8",
                            "arn": "arn:aws:ec2:ap-south-1:444705928249:instance/i-00c3530a454adbffa",
                            "associate_public_ip_address": "true",
                            "availability_zone": "ap-south-1a",
                            "cpu_core_count": "1",
                            "cpu_threads_per_core": "1",
                            "credit_specification.#": "1",
                            "credit_specification.0.cpu_credits": "standard",
                            "disable_api_termination": "false",
                            "ebs_block_device.#": "0",
                            "ebs_optimized": "false",
                            "ephemeral_block_device.#": "0",
                            "get_password_data": "false",
                            "iam_instance_profile": "",
                            "id": "i-00c3530a454adbffa",
                            "instance_state": "running",
                            "instance_type": "t2.micro",
                            "ipv6_addresses.#": "0",
                            "key_name": "",
                            "monitoring": "false",
                            "network_interface.#": "0",
                            "password_data": "",
                            "placement_group": "",
                            "primary_network_interface_id": "eni-0ac5c15a903d1311a",
                            "private_dns": "ip-172-31-19-187.ap-south-1.compute.internal",
                            "private_ip": "172.31.19.187",
                            "public_dns": "ec2-13-233-204-13.ap-south-1.compute.amazonaws.com",
                            "public_ip": "13.233.204.13",
                            "root_block_device.#": "1",
                            "root_block_device.0.delete_on_termination": "true",
                            "root_block_device.0.iops": "100",
                            "root_block_device.0.volume_id": "vol-0cd6d75c008d38c63",
                            "root_block_device.0.volume_size": "8",
                            "root_block_device.0.volume_type": "gp2",
                            "security_groups.#": "1",
                            "security_groups.3814588639": "default",
                            "source_dest_check": "true",
                            "subnet_id": "subnet-a56631cd",
                            "tags.%": "1",
                            "tags.Name": "your-instance",
                            "tenancy": "default",
                            "volume_tags.%": "0",
                            "vpc_security_group_ids.#": "1",
                            "vpc_security_group_ids.4104124666": "sg-4266922e"
                        },
                        "meta": {
                            "e2bfb730-ecaa-11e6-8f88-34363bc7c4c0": {
                                "create": 600000000000,
                                "delete": 1200000000000,
                                "update": 600000000000
                            },
                            "schema_version": "1"
                        },
                        "tainted": false
                    },
                    "deposed": [],
                    "provider": "provider.aws"
                },
                "aws_route_table.public_rt": {
                    "type": "aws_route_table",
                    "depends_on": [],
                    "primary": {
                        "id": "rtb-0766b97f4a56303e6",
                        "attributes": {
                            "id": "rtb-0766b97f4a56303e6",
                            "owner_id": "444705928249",
                            "propagating_vgws.#": "0",
                            "route.#": "1",
                            "route.4186906775.cidr_block": "0.0.0.0/0",
                            "route.4186906775.egress_only_gateway_id": "",
                            "route.4186906775.gateway_id": "igw-0b231bda5c26ef142",
                            "route.4186906775.instance_id": "",
                            "route.4186906775.ipv6_cidr_block": "",
                            "route.4186906775.nat_gateway_id": "",
                            "route.4186906775.network_interface_id": "",
                            "route.4186906775.transit_gateway_id": "",
                            "route.4186906775.vpc_peering_connection_id": "",
                            "tags.%": "1",
                            "tags.Name": "publicRouteTable",
                            "vpc_id": "vpc-004f5f348d4d34611"
                        },
                        "meta": {},
                        "tainted": false
                    },
                    "deposed": [],
                    "provider": "provider.aws"
                },
                "aws_route_table_association.a.0": {
                    "type": "aws_route_table_association",
                    "depends_on": [],
                    "primary": {
                        "id": "rtbassoc-0b22aed371e67c078",
                        "attributes": {
                            "id": "rtbassoc-0b22aed371e67c078",
                            "route_table_id": "rtb-0766b97f4a56303e6",
                            "subnet_id": "subnet-04246fe0b9e5d0628"
                        },
                        "meta": {},
                        "tainted": false
                    },
                    "deposed": [],
                    "provider": "provider.aws"
                },
                "aws_route_table_association.a.1": {
                    "type": "aws_route_table_association",
                    "depends_on": [],
                    "primary": {
                        "id": "rtbassoc-0b22aed371e67c078",
                        "attributes": {
                            "id": "rtbassoc-0b22aed371e67c078",
                            "route_table_id": "rtb-0766b97f4a56303e6",
                            "subnet_id": "subnet-04246fe0b9e5d0628"
                        },
                        "meta": {},
                        "tainted": false
                    },
                    "deposed": [],
                    "provider": "provider.aws"
                },
                "aws_s3_bucket.mybucket": {
                    "type": "aws_s3_bucket",
                    "depends_on": [],
                    "primary": {
                        "id": "my-tf-test-bucket-may-12-2019",
                        "attributes": {
                            "acceleration_status": "",
                            "acl": "private",
                            "arn": "arn:aws:s3:::my-tf-test-bucket-may-12-2019",
                            "bucket": "my-tf-test-bucket-may-12-2019",
                            "bucket_domain_name": "my-tf-test-bucket-may-12-2019.s3.amazonaws.com",
                            "bucket_regional_domain_name": "my-tf-test-bucket-may-12-2019.s3.ap-south-1.amazonaws.com",
                            "cors_rule.#": "0",
                            "force_destroy": "false",
                            "hosted_zone_id": "Z11RGJOFQNVJUP",
                            "id": "my-tf-test-bucket-may-12-2019",
                            "lifecycle_rule.#": "0",
                            "logging.#": "0",
                            "object_lock_configuration.#": "0",
                            "region": "ap-south-1",
                            "replication_configuration.#": "0",
                            "request_payer": "BucketOwner",
                            "server_side_encryption_configuration.#": "0",
                            "tags.%": "2",
                            "tags.Environment": "practice",
                            "tags.Name": "bucket2",
                            "versioning.#": "1",
                            "versioning.0.enabled": "false",
                            "versioning.0.mfa_delete": "false",
                            "website.#": "0"
                        },
                        "meta": {},
                        "tainted": false
                    },
                    "deposed": [],
                    "provider": "provider.aws"
                },
                "aws_subnet.main": {
                    "type": "aws_subnet",
                    "depends_on": [],
                    "primary": {
                        "id": "subnet-04246fe0b9e5d0628",
                        "attributes": {
                            "arn": "arn:aws:ec2:ap-south-1:444705928249:subnet/subnet-04246fe0b9e5d0628",
                            "assign_ipv6_address_on_creation": "false",
                            "availability_zone": "ap-south-1b",
                            "availability_zone_id": "aps1-az3",
                            "cidr_block": "10.0.1.0/24",
                            "id": "subnet-04246fe0b9e5d0628",
                            "ipv6_cidr_block": "",
                            "ipv6_cidr_block_association_id": "",
                            "map_public_ip_on_launch": "false",
                            "owner_id": "444705928249",
                            "tags.%": "1",
                            "tags.Name": "Main",
                            "vpc_id": "vpc-004f5f348d4d34611"
                        },
                        "meta": {
                            "e2bfb730-ecaa-11e6-8f88-34363bc7c4c0": {
                                "create": 600000000000,
                                "delete": 600000000000
                            },
                            "schema_version": "1"
                        },
                        "tainted": false
                    },
                    "deposed": [],
                    "provider": "provider.aws"
                },
                "aws_vpc.main": {
                    "type": "aws_vpc",
                    "depends_on": [],
                    "primary": {
                        "id": "vpc-004f5f348d4d34611",
                        "attributes": {
                            "arn": "arn:aws:ec2:ap-south-1:444705928249:vpc/vpc-004f5f348d4d34611",
                            "assign_generated_ipv6_cidr_block": "false",
                            "cidr_block": "10.0.0.0/16",
                            "default_network_acl_id": "acl-07ca1d59710e1fa60",
                            "default_route_table_id": "rtb-07a49d6d0e1da09fa",
                            "default_security_group_id": "sg-02de98317c8cc0558",
                            "dhcp_options_id": "dopt-859481ed",
                            "enable_dns_hostnames": "false",
                            "enable_dns_support": "true",
                            "id": "vpc-004f5f348d4d34611",
                            "instance_tenancy": "dedicated",
                            "ipv6_association_id": "",
                            "ipv6_cidr_block": "",
                            "main_route_table_id": "rtb-07a49d6d0e1da09fa",
                            "owner_id": "444705928249",
                            "tags.%": "1",
                            "tags.Name": "main"
                        },
                        "meta": {
                            "schema_version": "1"
                        },
                        "tainted": false
                    },
                    "deposed": [],
                    "provider": "provider.aws"
                }
            },
            "depends_on": []
        }
    ]
}
